dependencies:
- name: postgresql
  repository: https://charts.bitnami.com/bitnami
  version: 18.5.24
- name: mariadb
  repository: https://charts.bitnami.com/bitnami
  version: 25.0.10
digest: sha256:634e079837d4abad329cae2c0721d511471f2453a23a4fbaff193632d1244d38
generated: "2026-05-29T13:55:55.365429+02:00"
